
Microsoft Visual Studio Solution File, Format Version 12.00
# Visual Studio 2012
Project("{FAE04EC0-301F-11D3-BF4B-00C04F79EFBC}") = "Huffman", "Huffman\Huffman.csproj", "{722E2C9F-6561-49E3-A325-4A305F389A2B}"
EndProject
Project("{FAE04EC0-301F-11D3-BF4B-00C04F79EFBC}") = "Huffman.Tests", "Huffman.Tests\Huffman.Tests.csproj", "{74BAFE10-6E3C-43F6-8D8A-D529A034AD11}"
EndProject
Project("{FAE04EC0-301F-11D3-BF4B-00C04F79EFBC}") = "Huffman.Console", "Huffman.Console\Huffman.Console.csproj", "{71BE26ED-A3E8-49E6-823C-6DDF95E5AD60}"
EndProject
Global
	GlobalSection(SolutionConfigurationPlatforms) = preSolution
		Debug|Any CPU = Debug|Any CPU
		Release|Any CPU = Release|Any CPU
	EndGlobalSection
	GlobalSection(ProjectConfigurationPlatforms) = postSolution
		{722E2C9F-6561-49E3-A325-4A305F389A2B}.Debug|Any CPU.ActiveCfg = Debug|Any CPU
		{722E2C9F-6561-49E3-A325-4A305F389A2B}.Debug|Any CPU.Build.0 = Debug|Any CPU
		{722E2C9F-6561-49E3-A325-4A305F389A2B}.Release|Any CPU.ActiveCfg = Release|Any CPU
		{722E2C9F-6561-49E3-A325-4A305F389A2B}.Release|Any CPU.Build.0 = Release|Any CPU
		{74BAFE10-6E3C-43F6-8D8A-D529A034AD11}.Debug|Any CPU.ActiveCfg = Debug|Any CPU
		{74BAFE10-6E3C-43F6-8D8A-D529A034AD11}.Debug|Any CPU.Build.0 = Debug|Any CPU
		{74BAFE10-6E3C-43F6-8D8A-D529A034AD11}.Release|Any CPU.ActiveCfg = Release|Any CPU
		{74BAFE10-6E3C-43F6-8D8A-D529A034AD11}.Release|Any CPU.Build.0 = Release|Any CPU
		{71BE26ED-A3E8-49E6-823C-6DDF95E5AD60}.Debug|Any CPU.ActiveCfg = Debug|Any CPU
		{71BE26ED-A3E8-49E6-823C-6DDF95E5AD60}.Debug|Any CPU.Build.0 = Debug|Any CPU
		{71BE26ED-A3E8-49E6-823C-6DDF95E5AD60}.Release|Any CPU.ActiveCfg = Release|Any CPU
		{71BE26ED-A3E8-49E6-823C-6DDF95E5AD60}.Release|Any CPU.Build.0 = Release|Any CPU
	EndGlobalSection
	GlobalSection(SolutionProperties) = preSolution
		HideSolutionNode = FALSE
	EndGlobalSection
EndGlobal
